
Microsoft Visual Studio Solution File, Format Version 12.00
# Visual Studio Version 17
VisualStudioVersion = 17.7.34221.43
MinimumVisualStudioVersion = 10.0.40219.1
Project("{FAE04EC0-301F-11D3-BF4B-00C04F79EFBC}") = "DoctorConsult.Web", "DoctorConsult.Web.csproj", "{DAC01FFB-0E28-404B-9FA3-59B13CCB7CB4}"
EndProject
Project("{9A19103F-16F7-4668-BE54-9A1E7A4F7556}") = "DoctorConsult.Core", "..\DoctorConsult.Core\DoctorConsult.Core.csproj", "{288A47CC-FAB4-4A47-A7CC-936F798B16CD}"
EndProject
Project("{9A19103F-16F7-4668-BE54-9A1E7A4F7556}") = "DoctorConsult.Domain", "..\DoctorConsult.Domain\DoctorConsult.Domain.csproj", "{CC856DA6-D313-4E5D-B53E-B4280B62A743}"
EndProject
Project("{9A19103F-16F7-4668-BE54-9A1E7A4F7556}") = "DoctorConsult.Models", "..\DoctorConsult.Models\DoctorConsult.Models.csproj", "{62F55FB1-99E8-4E4D-8156-D1C837268C22}"
EndProject
Project("{9A19103F-16F7-4668-BE54-9A1E7A4F7556}") = "DoctorConsult.ViewModels", "..\DoctorConsult.ViewModels\DoctorConsult.ViewModels.csproj", "{EC81C5F4-C101-4FB7-974C-2BA59468731D}"
EndProject
Global
	GlobalSection(SolutionConfigurationPlatforms) = preSolution
		Debug|Any CPU = Debug|Any CPU
		Release|Any CPU = Release|Any CPU
	EndGlobalSection
	GlobalSection(ProjectConfigurationPlatforms) = postSolution
		{DAC01FFB-0E28-404B-9FA3-59B13CCB7CB4}.Debug|Any CPU.ActiveCfg = Debug|Any CPU
		{DAC01FFB-0E28-404B-9FA3-59B13CCB7CB4}.Debug|Any CPU.Build.0 = Debug|Any CPU
		{DAC01FFB-0E28-404B-9FA3-59B13CCB7CB4}.Release|Any CPU.ActiveCfg = Release|Any CPU
		{DAC01FFB-0E28-404B-9FA3-59B13CCB7CB4}.Release|Any CPU.Build.0 = Release|Any CPU
		{288A47CC-FAB4-4A47-A7CC-936F798B16CD}.Debug|Any CPU.ActiveCfg = Debug|Any CPU
		{288A47CC-FAB4-4A47-A7CC-936F798B16CD}.Debug|Any CPU.Build.0 = Debug|Any CPU
		{288A47CC-FAB4-4A47-A7CC-936F798B16CD}.Release|Any CPU.ActiveCfg = Release|Any CPU
		{288A47CC-FAB4-4A47-A7CC-936F798B16CD}.Release|Any CPU.Build.0 = Release|Any CPU
		{CC856DA6-D313-4E5D-B53E-B4280B62A743}.Debug|Any CPU.ActiveCfg = Debug|Any CPU
		{CC856DA6-D313-4E5D-B53E-B4280B62A743}.Debug|Any CPU.Build.0 = Debug|Any CPU
		{CC856DA6-D313-4E5D-B53E-B4280B62A743}.Release|Any CPU.ActiveCfg = Release|Any CPU
		{CC856DA6-D313-4E5D-B53E-B4280B62A743}.Release|Any CPU.Build.0 = Release|Any CPU
		{62F55FB1-99E8-4E4D-8156-D1C837268C22}.Debug|Any CPU.ActiveCfg = Debug|Any CPU
		{62F55FB1-99E8-4E4D-8156-D1C837268C22}.Debug|Any CPU.Build.0 = Debug|Any CPU
		{62F55FB1-99E8-4E4D-8156-D1C837268C22}.Release|Any CPU.ActiveCfg = Release|Any CPU
		{62F55FB1-99E8-4E4D-8156-D1C837268C22}.Release|Any CPU.Build.0 = Release|Any CPU
		{EC81C5F4-C101-4FB7-974C-2BA59468731D}.Debug|Any CPU.ActiveCfg = Debug|Any CPU
		{EC81C5F4-C101-4FB7-974C-2BA59468731D}.Debug|Any CPU.Build.0 = Debug|Any CPU
		{EC81C5F4-C101-4FB7-974C-2BA59468731D}.Release|Any CPU.ActiveCfg = Release|Any CPU
		{EC81C5F4-C101-4FB7-974C-2BA59468731D}.Release|Any CPU.Build.0 = Release|Any CPU
	EndGlobalSection
	GlobalSection(SolutionProperties) = preSolution
		HideSolutionNode = FALSE
	EndGlobalSection
	GlobalSection(ExtensibilityGlobals) = postSolution
		SolutionGuid = {CC5556D7-E82D-432A-A46B-EEB298D8177A}
	EndGlobalSection
EndGlobal
